
Microsoft Visual Studio Solution File, Format Version 12.00
# Visual Studio Version 17
VisualStudioVersion = 17.2.32630.192
MinimumVisualStudioVersion = 10.0.40219.1
Project("{FAE04EC0-301F-11D3-BF4B-00C04F79EFBC}") = "XMLValidator", "XMLValidator.csproj", "{DCBF6974-6428-46D6-96CC-06491507C391}"
EndProject
Global
	GlobalSection(SolutionConfigurationPlatforms) = preSolution
		Debug|Any CPU = Debug|Any CPU
		Release|Any CPU = Release|Any CPU
	EndGlobalSection
	GlobalSection(ProjectConfigurationPlatforms) = postSolution
		{DCBF6974-6428-46D6-96CC-06491507C391}.Debug|Any CPU.ActiveCfg = Debug|Any CPU
		{DCBF6974-6428-46D6-96CC-06491507C391}.Debug|Any CPU.Build.0 = Debug|Any CPU
		{DCBF6974-6428-46D6-96CC-06491507C391}.Release|Any CPU.ActiveCfg = Release|Any CPU
		{DCBF6974-6428-46D6-96CC-06491507C391}.Release|Any CPU.Build.0 = Release|Any CPU
	EndGlobalSection
	GlobalSection(SolutionProperties) = preSolution
		HideSolutionNode = FALSE
	EndGlobalSection
	GlobalSection(ExtensibilityGlobals) = postSolution
		SolutionGuid = {81F87BF1-7485-41E5-9467-F6E4FE655603}
	EndGlobalSection
EndGlobal
